
Microsoft Visual Studio Solution File, Format Version 12.00
# Visual Studio Version 16
VisualStudioVersion = 16.0.29728.190
MinimumVisualStudioVersion = 10.0.40219.1
Project("{FAE04EC0-301F-11D3-BF4B-00C04F79EFBC}") = "LinqProblems", "LinqProblems\LinqProblems.csproj", "{68583B6C-4440-4D55-AA26-2E11E83CB062}"
EndProject
Global
	GlobalSection(SolutionConfigurationPlatforms) = preSolution
		Debug|Any CPU = Debug|Any CPU
		Release|Any CPU = Release|Any CPU
	EndGlobalSection
	GlobalSection(ProjectConfigurationPlatforms) = postSolution
		{68583B6C-4440-4D55-AA26-2E11E83CB062}.Debug|Any CPU.ActiveCfg = Debug|Any CPU
		{68583B6C-4440-4D55-AA26-2E11E83CB062}.Debug|Any CPU.Build.0 = Debug|Any CPU
		{68583B6C-4440-4D55-AA26-2E11E83CB062}.Release|Any CPU.ActiveCfg = Release|Any CPU
		{68583B6C-4440-4D55-AA26-2E11E83CB062}.Release|Any CPU.Build.0 = Release|Any CPU
	EndGlobalSection
	GlobalSection(SolutionProperties) = preSolution
		HideSolutionNode = FALSE
	EndGlobalSection
	GlobalSection(ExtensibilityGlobals) = postSolution
		SolutionGuid = {679F8A74-5542-4378-A4DB-94FAB8B7B406}
	EndGlobalSection
EndGlobal
